
Microsoft Visual Studio Solution File, Format Version 12.00
# Visual Studio Version 17
VisualStudioVersion = 17.5.002.0
MinimumVisualStudioVersion = 10.0.40219.1
Project("{9A19103F-16F7-4668-BE54-9A1E7A4F7556}") = "livro", "livro\livro.csproj", "{55AADA60-B84C-436E-B453-0E16E5A6A836}"
EndProject
Global
	GlobalSection(SolutionConfigurationPlatforms) = preSolution
		Debug|Any CPU = Debug|Any CPU
		Release|Any CPU = Release|Any CPU
	EndGlobalSection
	GlobalSection(ProjectConfigurationPlatforms) = postSolution
		{55AADA60-B84C-436E-B453-0E16E5A6A836}.Debug|Any CPU.ActiveCfg = Debug|Any CPU
		{55AADA60-B84C-436E-B453-0E16E5A6A836}.Debug|Any CPU.Build.0 = Debug|Any CPU
		{55AADA60-B84C-436E-B453-0E16E5A6A836}.Release|Any CPU.ActiveCfg = Release|Any CPU
		{55AADA60-B84C-436E-B453-0E16E5A6A836}.Release|Any CPU.Build.0 = Release|Any CPU
	EndGlobalSection
	GlobalSection(SolutionProperties) = preSolution
		HideSolutionNode = FALSE
	EndGlobalSection
	GlobalSection(ExtensibilityGlobals) = postSolution
		SolutionGuid = {B4D52B09-49F5-41EF-88CD-0254DCE75A79}
	EndGlobalSection
EndGlobal
